
Microsoft Visual Studio Solution File, Format Version 12.00
# Visual Studio 14
VisualStudioVersion = 14.0.25420.1
MinimumVisualStudioVersion = 10.0.40219.1
Project("{FAE04EC0-301F-11D3-BF4B-00C04F79EFBC}") = "Labs_4_AOP", "Labs_4_AOP\Labs_4_AOP.csproj", "{FC2CC964-F433-4449-BB4A-4FB7139761FB}"
EndProject
Project("{FAE04EC0-301F-11D3-BF4B-00C04F79EFBC}") = "Labs_4_AOP_Interpretator", "Labs_4_AOP_Interpretator\Labs_4_AOP_Interpretator.csproj", "{C4EF8A34-F2AF-49B7-8204-07A70BDF7782}"
EndProject
Global
	GlobalSection(SolutionConfigurationPlatforms) = preSolution
		Debug|Any CPU = Debug|Any CPU
		Release|Any CPU = Release|Any CPU
	EndGlobalSection
	GlobalSection(ProjectConfigurationPlatforms) = postSolution
		{FC2CC964-F433-4449-BB4A-4FB7139761FB}.Debug|Any CPU.ActiveCfg = Debug|Any CPU
		{FC2CC964-F433-4449-BB4A-4FB7139761FB}.Debug|Any CPU.Build.0 = Debug|Any CPU
		{FC2CC964-F433-4449-BB4A-4FB7139761FB}.Release|Any CPU.ActiveCfg = Release|Any CPU
		{FC2CC964-F433-4449-BB4A-4FB7139761FB}.Release|Any CPU.Build.0 = Release|Any CPU
		{C4EF8A34-F2AF-49B7-8204-07A70BDF7782}.Debug|Any CPU.ActiveCfg = Debug|Any CPU
		{C4EF8A34-F2AF-49B7-8204-07A70BDF7782}.Debug|Any CPU.Build.0 = Debug|Any CPU
		{C4EF8A34-F2AF-49B7-8204-07A70BDF7782}.Release|Any CPU.ActiveCfg = Release|Any CPU
		{C4EF8A34-F2AF-49B7-8204-07A70BDF7782}.Release|Any CPU.Build.0 = Release|Any CPU
	EndGlobalSection
	GlobalSection(SolutionProperties) = preSolution
		HideSolutionNode = FALSE
	EndGlobalSection
EndGlobal
